
Microsoft Visual Studio Solution File, Format Version 12.00
# Visual Studio Version 17
VisualStudioVersion = 17.0.32014.148
MinimumVisualStudioVersion = 10.0.40219.1
Project("{FAE04EC0-301F-11D3-BF4B-00C04F79EFBC}") = "demo1", "demo1\demo1.csproj", "{1D65D08A-B57D-4773-A812-DDF75761C51B}"
EndProject
Global
	GlobalSection(SolutionConfigurationPlatforms) = preSolution
		Debug|Any CPU = Debug|Any CPU
		Release|Any CPU = Release|Any CPU
	EndGlobalSection
	GlobalSection(ProjectConfigurationPlatforms) = postSolution
		{1D65D08A-B57D-4773-A812-DDF75761C51B}.Debug|Any CPU.ActiveCfg = Debug|Any CPU
		{1D65D08A-B57D-4773-A812-DDF75761C51B}.Debug|Any CPU.Build.0 = Debug|Any CPU
		{1D65D08A-B57D-4773-A812-DDF75761C51B}.Release|Any CPU.ActiveCfg = Release|Any CPU
		{1D65D08A-B57D-4773-A812-DDF75761C51B}.Release|Any CPU.Build.0 = Release|Any CPU
	EndGlobalSection
	GlobalSection(SolutionProperties) = preSolution
		HideSolutionNode = FALSE
	EndGlobalSection
	GlobalSection(ExtensibilityGlobals) = postSolution
		SolutionGuid = {EB0420EC-EC06-4CD0-B78D-F46EDF029167}
	EndGlobalSection
EndGlobal
